Microsoft Visual Studio Solution File, Format Version 8.00
Project("{8BC9CEB8-8B4A-11D0-8D11-00A0C91BC942}") = "gswmcc", "gswmmc.vcproj", "{8C20BEE1-F3CA-474E-B38F-417C7DB1D73A}"
	ProjectSection(ProjectDependencies) = postProject
	EndProjectSection
EndProject
Global
	GlobalSection(SolutionConfiguration) = preSolution
		cb.test.debug = cb.test.debug
		Debug = Debug
		Release = Release
	EndGlobalSection
	GlobalSection(ProjectConfiguration) = postSolution
		{8C20BEE1-F3CA-474E-B38F-417C7DB1D73A}.cb.test.debug.ActiveCfg = cb.test.debug|Win32
		{8C20BEE1-F3CA-474E-B38F-417C7DB1D73A}.cb.test.debug.Build.0 = cb.test.debug|Win32
		{8C20BEE1-F3CA-474E-B38F-417C7DB1D73A}.Debug.ActiveCfg = Debug|Win32
		{8C20BEE1-F3CA-474E-B38F-417C7DB1D73A}.Debug.Build.0 = Debug|Win32
		{8C20BEE1-F3CA-474E-B38F-417C7DB1D73A}.Release.ActiveCfg = Release|Win32
		{8C20BEE1-F3CA-474E-B38F-417C7DB1D73A}.Release.Build.0 = Release|Win32
	EndGlobalSection
	GlobalSection(ExtensibilityGlobals) = postSolution
	EndGlobalSection
	GlobalSection(ExtensibilityAddIns) = postSolution
	EndGlobalSection
EndGlobal
